
Microsoft Visual Studio Solution File, Format Version 12.00
# Visual Studio Version 16
VisualStudioVersion = 16.0.30002.166
MinimumVisualStudioVersion = 10.0.40219.1
Project("{FAE04EC0-301F-11D3-BF4B-00C04F79EFBC}") = "MyProject", "MyProject.csproj", "{A0B638D0-F31D-4627-BE70-06A0064D26A5}"
EndProject
Global
	GlobalSection(SolutionConfigurationPlatforms) = preSolution
		Debug|Any CPU = Debug|Any CPU
		Release|Any CPU = Release|Any CPU
	EndGlobalSection
	GlobalSection(ProjectConfigurationPlatforms) = postSolution
		{A0B638D0-F31D-4627-BE70-06A0064D26A5}.Debug|Any CPU.ActiveCfg = Debug|Any CPU
		{A0B638D0-F31D-4627-BE70-06A0064D26A5}.Debug|Any CPU.Build.0 = Debug|Any CPU
		{A0B638D0-F31D-4627-BE70-06A0064D26A5}.Release|Any CPU.ActiveCfg = Release|Any CPU
		{A0B638D0-F31D-4627-BE70-06A0064D26A5}.Release|Any CPU.Build.0 = Release|Any CPU
	EndGlobalSection
	GlobalSection(SolutionProperties) = preSolution
		HideSolutionNode = FALSE
	EndGlobalSection
	GlobalSection(ExtensibilityGlobals) = postSolution
		SolutionGuid = {F0248F1B-D7F2-42AD-A650-22F5BF0C2E8E}
	EndGlobalSection
EndGlobal
